// !$*UTF8*$!
{
	archiveVersion = 1;
	classes = {
	};
	objectVersion = 46;
	objects = {

/* Begin PBXBuildFile section */
		3697411A1D011EBA00F194BD /* Cartfile in Resources */ = {isa = PBXBuildFile; fileRef = 369741191D011EBA00F194BD /* Cartfile */; };
		3697411D1D0121D900F194BD /* SwiftFilePath.framework in Frameworks */ = {isa = PBXBuildFile; fileRef = 3697411C1D0121D900F194BD /* SwiftFilePath.framework */; };
		36CEAE491CFD8A510052AB62 /* AppDelegate.swift in Sources */ = {isa = PBXBuildFile; fileRef = 36CEAE481CFD8A510052AB62 /* AppDelegate.swift */; };
		36CEAE4B1CFD8A510052AB62 /* ViewController.swift in Sources */ = {isa = PBXBuildFile; fileRef = 36CEAE4A1CFD8A510052AB62 /* ViewController.swift */; };
		36CEAE4E1CFD8A510052AB62 /* Main.storyboard in Resources */ = {isa = PBXBuildFile; fileRef = 36CEAE4C1CFD8A510052AB62 /* Main.storyboard */; };
		36CEAE501CFD8A510052AB62 /* Assets.xcassets in Resources */ = {isa = PBXBuildFile; fileRef = 36CEAE4F1CFD8A510052AB62 /* Assets.xcassets */; };
		36CEAE531CFD8A510052AB62 /* LaunchScreen.storyboard in Resources */ = {isa = PBXBuildFile; fileRef = 36CEAE511CFD8A510052AB62 /* LaunchScreen.storyboard */; };
/* End PBXBuildFile section */

/* Begin PBXFileReference section */
		369741191D011EBA00F194BD /* Cartfile */ = {isa = PBXFileReference; fileEncoding = 4; lastKnownFileType = text; path = Cartfile; sourceTree = "<group>"; };
		3697411C1D0121D900F194BD /* SwiftFilePath.framework */ = {isa = PBXFileReference; lastKnownFileType = wrapper.framework; name = SwiftFilePath.framework; path = Carthage/Build/iOS/SwiftFilePath.framework; sourceTree = "<group>"; };
		36CEAE451CFD8A500052AB62 /* SandboxFiler.app */ = {isa = PBXFileReference; explicitFileType = wrapper.application; includeInIndex = 0; path = SandboxFiler.app; sourceTree = BUILT_PRODUCTS_DIR; };
		36CEAE481CFD8A510052AB62 /* AppDelegate.swift */ = {isa = PBXFileReference; lastKnownFileType = sourcecode.swift; path = AppDelegate.swift; sourceTree = "<group>"; };
		36CEAE4A1CFD8A510052AB62 /* ViewController.swift */ = {isa = PBXFileReference; lastKnownFileType = sourcecode.swift; path = ViewController.swift; sourceTree = "<group>"; };
		36CEAE4D1CFD8A510052AB62 /* Base */ = {isa = PBXFileReference; lastKnownFileType = file.storyboard; name = Base; path = Base.lproj/Main.storyboard; sourceTree = "<group>"; };
		36CEAE4F1CFD8A510052AB62 /* Assets.xcassets */ = {isa = PBXFileReference; lastKnownFileType = folder.assetcatalog; path = Assets.xcassets; sourceTree = "<group>"; };
		36CEAE521CFD8A510052AB62 /* Base */ = {isa = PBXFileReference; lastKnownFileType = file.storyboard; name = Base; path = Base.lproj/LaunchScreen.storyboard; sourceTree = "<group>"; };
		36CEAE541CFD8A510052AB62 /* Info.plist */ = {isa = PBXFileReference; lastKnownFileType = text.plist.xml; path = Info.plist; sourceTree = "<group>"; };
/* End PBXFileReference section */

/* Begin PBXFrameworksBuildPhase section */
		36CEAE421CFD8A500052AB62 /* Frameworks */ = {
			isa = PBXFrameworksBuildPhase;
			buildActionMask = 2147483647;
			files = (
				3697411D1D0121D900F194BD /* SwiftFilePath.framework in Frameworks */,
			);
			runOnlyForDeploymentPostprocessing = 0;
		};
/* End PBXFrameworksBuildPhase section */

/* Begin PBXGroup section */
		36CEAE3C1CFD8A500052AB62 = {
			isa = PBXGroup;
			children = (
				3697411C1D0121D900F194BD /* SwiftFilePath.framework */,
				369741191D011EBA00F194BD /* Cartfile */,
				36CEAE471CFD8A500052AB62 /* SandboxFiler */,
				36CEAE461CFD8A500052AB62 /* Products */,
			);
			sourceTree = "<group>";
		};
		36CEAE461CFD8A500052AB62 /* Products */ = {
			isa = PBXGroup;
			children = (
				36CEAE451CFD8A500052AB62 /* SandboxFiler.app */,
			);
			name = Products;
			sourceTree = "<group>";
		};
		36CEAE471CFD8A500052AB62 /* SandboxFiler */ = {
			isa = PBXGroup;
			children = (
				36CEAE481CFD8A510052AB62 /* AppDelegate.swift */,
				36CEAE4A1CFD8A510052AB62 /* ViewController.swift */,
				36CEAE4C1CFD8A510052AB62 /* Main.storyboard */,
				36CEAE4F1CFD8A510052AB62 /* Assets.xcassets */,
				36CEAE511CFD8A510052AB62 /* LaunchScreen.storyboard */,
				36CEAE541CFD8A510052AB62 /* Info.plist */,
			);
			path = SandboxFiler;
			sourceTree = "<group>";
		};
/* End PBXGroup section */

/* Begin PBXNativeTarget section */
		36CEAE441CFD8A500052AB62 /* SandboxFiler */ = {
			isa = PBXNativeTarget;
			buildConfigurationList = 36CEAE571CFD8A510052AB62 /* Build configuration list for PBXNativeTarget "SandboxFiler" */;
			buildPhases = (
				36CEAE411CFD8A500052AB62 /* Sources */,
				36CEAE421CFD8A500052AB62 /* Frameworks */,
				36CEAE431CFD8A500052AB62 /* Resources */,
				3697411B1D01213500F194BD /* ShellScript */,
			);
			buildRules = (
			);
			dependencies = (
			);
			name = SandboxFiler;
			productName = SandboxFiler;
			productReference = 36CEAE451CFD8A500052AB62 /* SandboxFiler.app */;
			productType = "com.apple.product-type.application";
		};
/* End PBXNativeTarget section */

/* Begin PBXProject section */
		36CEAE3D1CFD8A500052AB62 /* Project object */ = {
			isa = PBXProject;
			attributes = {
				LastSwiftUpdateCheck = 0730;
				LastUpgradeCheck = 0730;
				ORGANIZATIONNAME = "Naoaki Yamada";
				TargetAttributes = {
					36CEAE441CFD8A500052AB62 = {
						CreatedOnToolsVersion = 7.3.1;
						DevelopmentTeam = ET98MW4248;
					};
				};
			};
			buildConfigurationList = 36CEAE401CFD8A500052AB62 /* Build configuration list for PBXProject "SandboxFiler" */;
			compatibilityVersion = "Xcode 3.2";
			developmentRegion = English;
			hasScannedForEncodings = 0;
			knownRegions = (
				en,
				Base,
			);
			mainGroup = 36CEAE3C1CFD8A500052AB62;
			productRefGroup = 36CEAE461CFD8A500052AB62 /* Products */;
			projectDirPath = "";
			projectRoot = "";
			targets = (
				36CEAE441CFD8A500052AB62 /* SandboxFiler */,
			);
		};
/* End PBXProject section */

/* Begin PBXResourcesBuildPhase section */
		36CEAE431CFD8A500052AB62 /* Resources */ = {
			isa = PBXResourcesBuildPhase;
			buildActionMask = 2147483647;
			files = (
				36CEAE531CFD8A510052AB62 /* LaunchScreen.storyboard in Resources */,
				36CEAE501CFD8A510052AB62 /* Assets.xcassets in Resources */,
				3697411A1D011EBA00F194BD /* Cartfile in Resources */,
				36CEAE4E1CFD8A510052AB62 /* Main.storyboard in Resources */,
			);
			runOnlyForDeploymentPostprocessing = 0;
		};
/* End PBXResourcesBuildPhase section */

/* Begin PBXShellScriptBuildPhase section */
		3697411B1D01213500F194BD /* ShellScript */ = {
			isa = PBXShellScriptBuildPhase;
			buildActionMask = 2147483647;
			files = (
			);
			inputPaths = (
				"$(SRCROOT)/Carthage/Build/iOS/SwiftFilePath.framework",
			);
			outputPaths = (
			);
			runOnlyForDeploymentPostprocessing = 0;
			shellPath = /bin/sh;
			shellScript = "/usr/local/bin/carthage copy-frameworks";
		};
/* End PBXShellScriptBuildPhase section */

/* Begin PBXSourcesBuildPhase section */
		36CEAE411CFD8A500052AB62 /* Sources */ = {
			isa = PBXSourcesBuildPhase;
			buildActionMask = 2147483647;
			files = (
				36CEAE4B1CFD8A510052AB62 /* ViewController.swift in Sources */,
				36CEAE491CFD8A510052AB62 /* AppDelegate.swift in Sources */,
			);
			runOnlyForDeploymentPostprocessing = 0;
		};
/* End PBXSourcesBuildPhase section */

/* Begin PBXVariantGroup section */
		36CEAE4C1CFD8A510052AB62 /* Main.storyboard */ = {
			isa = PBXVariantGroup;
			children = (
				36CEAE4D1CFD8A510052AB62 /* Base */,
			);
			name = Main.storyboard;
			sourceTree = "<group>";
		};
		36CEAE511CFD8A510052AB62 /* LaunchScreen.storyboard */ = {
			isa = PBXVariantGroup;
			children = (
				36CEAE521CFD8A510052AB62 /* Base */,
			);
			name = LaunchScreen.storyboard;
			sourceTree = "<group>";
		};
/* End PBXVariantGroup section */

/* Begin XCBuildConfiguration section */
		36CEAE551CFD8A510052AB62 /* Debug */ = {
			isa = XCBuildConfiguration;
			buildSettings = {
				ALWAYS_SEARCH_USER_PATHS = NO;
				CLANG_ANALYZER_NONNULL = YES;
				CLANG_CXX_LANGUAGE_STANDARD = "gnu++0x";
				CLANG_CXX_LIBRARY = "libc++";
				CLANG_ENABLE_MODULES = YES;
				CLANG_ENABLE_OBJC_ARC = YES;
				CLANG_WARN_BOOL_CONVERSION = YES;
				CLANG_WARN_CONSTANT_CONVERSION = YES;
				CLANG_WARN_DIRECT_OBJC_ISA_USAGE = YES_ERROR;
				CLANG_WARN_EMPTY_BODY = YES;
				CLANG_WARN_ENUM_CONVERSION = YES;
				CLANG_WARN_INT_CONVERSION = YES;
				CLANG_WARN_OBJC_ROOT_CLASS = YES_ERROR;
				CLANG_WARN_UNREACHABLE_CODE = YES;
				CLANG_WARN__DUPLICATE_METHOD_MATCH = YES;
				"CODE_SIGN_IDENTITY[sdk=iphoneos*]" = "iPhone Developer";
				COPY_PHASE_STRIP = NO;
				DEBUG_INFORMATION_FORMAT = dwarf;
				ENABLE_STRICT_OBJC_MSGSEND = YES;
				ENABLE_TESTABILITY = YES;
				GCC_C_LANGUAGE_STANDARD = gnu99;
				GCC_DYNAMIC_NO_PIC = NO;
				GCC_NO_COMMON_BLOCKS = YES;
				GCC_OPTIMIZATION_LEVEL = 0;
				GCC_PREPROCESSOR_DEFINITIONS = (
					"DEBUG=1",
					"$(inherited)",
				);
				GCC_WARN_64_TO_32_BIT_CONVERSION = YES;
				GCC_WARN_ABOUT_RETURN_TYPE = YES_ERROR;
				GCC_WARN_UNDECLARED_SELECTOR = YES;
				GCC_WARN_UNINITIALIZED_AUTOS = YES_AGGRESSIVE;
				GCC_WARN_UNUSED_FUNCTION = YES;
				GCC_WARN_UNUSED_VARIABLE = YES;
				IPHONEOS_DEPLOYMENT_TARGET = 9.3;
				MTL_ENABLE_DEBUG_INFO = YES;
				ONLY_ACTIVE_ARCH = YES;
				SDKROOT = iphoneos;
				SWIFT_OPTIMIZATION_LEVEL = "-Onone";
			};
			name = Debug;
		};
		36CEAE561CFD8A510052AB62 /* Release */ = {
			isa = XCBuildConfiguration;
			buildSettings = {
				ALWAYS_SEARCH_USER_PATHS = NO;
				CLANG_ANALYZER_NONNULL = YES;
				CLANG_CXX_LANGUAGE_STANDARD = "gnu++0x";
				CLANG_CXX_LIBRARY = "libc++";
				CLANG_ENABLE_MODULES = YES;
				CLANG_ENABLE_OBJC_ARC = YES;
				CLANG_WARN_BOOL_CONVERSION = YES;
				CLANG_WARN_CONSTANT_CONVERSION = YES;
				CLANG_WARN_DIRECT_OBJC_ISA_USAGE = YES_ERROR;
				CLANG_WARN_EMPTY_BODY = YES;
				CLANG_WARN_ENUM_CONVERSION = YES;
				CLANG_WARN_INT_CONVERSION = YES;
				CLANG_WARN_OBJC_ROOT_CLASS = YES_ERROR;
				CLANG_WARN_UNREACHABLE_CODE = YES;
				CLANG_WARN__DUPLICATE_METHOD_MATCH = YES;
				"CODE_SIGN_IDENTITY[sdk=iphoneos*]" = "iPhone Developer";
				COPY_PHASE_STRIP = NO;
				DEBUG_INFORMATION_FORMAT = "dwarf-with-dsym";
				ENABLE_NS_ASSERTIONS = NO;
				ENABLE_STRICT_OBJC_MSGSEND = YES;
				GCC_C_LANGUAGE_STANDARD = gnu99;
				GCC_NO_COMMON_BLOCKS = YES;
				GCC_WARN_64_TO_32_BIT_CONVERSION = YES;
				GCC_WARN_ABOUT_RETURN_TYPE = YES_ERROR;
				GCC_WARN_UNDECLARED_SELECTOR = YES;
				GCC_WARN_UNINITIALIZED_AUTOS = YES_AGGRESSIVE;
				GCC_WARN_UNUSED_FUNCTION = YES;
				GCC_WARN_UNUSED_VARIABLE = YES;
				IPHONEOS_DEPLOYMENT_TARGET = 9.3;
				MTL_ENABLE_DEBUG_INFO = NO;
				SDKROOT = iphoneos;
				VALIDATE_PRODUCT = YES;
			};
			name = Release;
		};
		36CEAE581CFD8A510052AB62 /* Debug */ = {
			isa = XCBuildConfiguration;
			buildSettings = {
				ASSETCATALOG_COMPILER_APPICON_NAME = AppIcon;
				CODE_SIGN_IDENTITY = "iPhone Developer";
				"CODE_SIGN_IDENTITY[sdk=iphoneos*]" = "iPhone Developer";
				FRAMEWORK_SEARCH_PATHS = (
					"$(inherited)",
					"$(PROJECT_DIR)/Carthage/Build/iOS",
				);
				INFOPLIST_FILE = SandboxFiler/Info.plist;
				IPHONEOS_DEPLOYMENT_TARGET = 8.1;
				LD_RUNPATH_SEARCH_PATHS = "$(inherited) @executable_path/Frameworks";
				PRODUCT_BUNDLE_IDENTIFIER = tv.loilo.SandboxFiler;
				PRODUCT_NAME = "$(TARGET_NAME)";
				PROVISIONING_PROFILE = "";
			};
			name = Debug;
		};
		36CEAE591CFD8A510052AB62 /* Release */ = {
			isa = XCBuildConfiguration;
			buildSettings = {
				ASSETCATALOG_COMPILER_APPICON_NAME = AppIcon;
				CODE_SIGN_IDENTITY = "iPhone Developer";
				"CODE_SIGN_IDENTITY[sdk=iphoneos*]" = "iPhone Developer";
				FRAMEWORK_SEARCH_PATHS = (
					"$(inherited)",
					"$(PROJECT_DIR)/Carthage/Build/iOS",
				);
				INFOPLIST_FILE = SandboxFiler/Info.plist;
				IPHONEOS_DEPLOYMENT_TARGET = 8.1;
				LD_RUNPATH_SEARCH_PATHS = "$(inherited) @executable_path/Frameworks";
				PRODUCT_BUNDLE_IDENTIFIER = tv.loilo.SandboxFiler;
				PRODUCT_NAME = "$(TARGET_NAME)";
				PROVISIONING_PROFILE = "";
			};
			name = Release;
		};
/* End XCBuildConfiguration section */

/* Begin XCConfigurationList section */
		36CEAE401CFD8A500052AB62 /* Build configuration list for PBXProject "SandboxFiler" */ = {
			isa = XCConfigurationList;
			buildConfigurations = (
				36CEAE551CFD8A510052AB62 /* Debug */,
				36CEAE561CFD8A510052AB62 /* Release */,
			);
			defaultConfigurationIsVisible = 0;
			defaultConfigurationName = Release;
		};
		36CEAE571CFD8A510052AB62 /* Build configuration list for PBXNativeTarget "SandboxFiler" */ = {
			isa = XCConfigurationList;
			buildConfigurations = (
				36CEAE581CFD8A510052AB62 /* Debug */,
				36CEAE591CFD8A510052AB62 /* Release */,
			);
			defaultConfigurationIsVisible = 0;
			defaultConfigurationName = Release;
		};
/* End XCConfigurationList section */
	};
	rootObject = 36CEAE3D1CFD8A500052AB62 /* Project object */;
}
